
Microsoft Visual Studio Solution File, Format Version 12.00
# Visual Studio Version 17
VisualStudioVersion = 17.0.31903.59
MinimumVisualStudioVersion = 10.0.40219.1
Project("{FAE04EC0-301F-11D3-BF4B-00C04F79EFBC}") = "InterestRates.API", "InterestRates.API\InterestRates.API.csproj", "{6435E0A1-3647-4DB6-A6C9-F1012696ABB4}"
EndProject
Project("{FAE04EC0-301F-11D3-BF4B-00C04F79EFBC}") = "InterestRates.Tests", "InterestRates.Tests\InterestRates.Tests.csproj", "{8B5E2A3C-4D7F-4E9A-B1C3-F2A4D6E8B9C1}"
EndProject
Global
	GlobalSection(SolutionConfigurationPlatforms) = preSolution
		Debug|Any CPU = Debug|Any CPU
		Release|Any CPU = Release|Any CPU
	EndGlobalSection
	GlobalSection(ProjectConfigurationPlatforms) = postSolution
		{6435E0A1-3647-4DB6-A6C9-F1012696ABB4}.Debug|Any CPU.ActiveCfg = Debug|Any CPU
		{6435E0A1-3647-4DB6-A6C9-F1012696ABB4}.Debug|Any CPU.Build.0 = Debug|Any CPU
		{6435E0A1-3647-4DB6-A6C9-F1012696ABB4}.Release|Any CPU.ActiveCfg = Release|Any CPU
		{6435E0A1-3647-4DB6-A6C9-F1012696ABB4}.Release|Any CPU.Build.0 = Release|Any CPU
		{8B5E2A3C-4D7F-4E9A-B1C3-F2A4D6E8B9C1}.Debug|Any CPU.ActiveCfg = Debug|Any CPU
		{8B5E2A3C-4D7F-4E9A-B1C3-F2A4D6E8B9C1}.Debug|Any CPU.Build.0 = Debug|Any CPU
		{8B5E2A3C-4D7F-4E9A-B1C3-F2A4D6E8B9C1}.Release|Any CPU.ActiveCfg = Release|Any CPU
		{8B5E2A3C-4D7F-4E9A-B1C3-F2A4D6E8B9C1}.Release|Any CPU.Build.0 = Release|Any CPU
	EndGlobalSection
	GlobalSection(SolutionProperties) = preSolution
		HideSolutionNode = FALSE
	EndGlobalSection
	GlobalSection(ExtensibilityGlobals) = postSolution
		SolutionGuid = {4F732BA9-33E2-4768-BBA1-ED9FAAD20D74}
	EndGlobalSection
EndGlobal
